{
  "name": "pj-php-demo",
  "version": "1.0.0",
  "scripts": {
    "cypress:open": "cypress open",
    "cypress:run": "cypress run"
  },
  "devDependencies": {
    "cypress": "^13.13.2",
    "@badeball/cypress-cucumber-preprocessor": "^20.0.5",
    "@bahmutov/cypress-esbuild-preprocessor": "^2.1.5"
  }
}
